
Microsoft Visual Studio Solution File, Format Version 12.00
# Visual Studio Version 17
VisualStudioVersion = 17.2.32602.215
MinimumVisualStudioVersion = 10.0.40219.1
Project("{FAE04EC0-301F-11D3-BF4B-00C04F79EFBC}") = "05.LinqProvider", "05.LinqProvider\05.LinqProvider.csproj", "{93298E28-5052-479B-B83A-36B4F0EBFEC8}"
EndProject
Project("{FAE04EC0-301F-11D3-BF4B-00C04F79EFBC}") = "05.LinqProviderTests", "05.LinqProviderTests\05.LinqProviderTests.csproj", "{6620AAEB-6A2A-4573-B72D-559964BDD882}"
EndProject
Global
	GlobalSection(SolutionConfigurationPlatforms) = preSolution
		Debug|Any CPU = Debug|Any CPU
		Release|Any CPU = Release|Any CPU
	EndGlobalSection
	GlobalSection(ProjectConfigurationPlatforms) = postSolution
		{93298E28-5052-479B-B83A-36B4F0EBFEC8}.Debug|Any CPU.ActiveCfg = Debug|Any CPU
		{93298E28-5052-479B-B83A-36B4F0EBFEC8}.Debug|Any CPU.Build.0 = Debug|Any CPU
		{93298E28-5052-479B-B83A-36B4F0EBFEC8}.Release|Any CPU.ActiveCfg = Release|Any CPU
		{93298E28-5052-479B-B83A-36B4F0EBFEC8}.Release|Any CPU.Build.0 = Release|Any CPU
		{6620AAEB-6A2A-4573-B72D-559964BDD882}.Debug|Any CPU.ActiveCfg = Debug|Any CPU
		{6620AAEB-6A2A-4573-B72D-559964BDD882}.Debug|Any CPU.Build.0 = Debug|Any CPU
		{6620AAEB-6A2A-4573-B72D-559964BDD882}.Release|Any CPU.ActiveCfg = Release|Any CPU
		{6620AAEB-6A2A-4573-B72D-559964BDD882}.Release|Any CPU.Build.0 = Release|Any CPU
	EndGlobalSection
	GlobalSection(SolutionProperties) = preSolution
		HideSolutionNode = FALSE
	EndGlobalSection
	GlobalSection(ExtensibilityGlobals) = postSolution
		SolutionGuid = {300026C5-4D38-4417-942C-37B5DE308005}
	EndGlobalSection
EndGlobal
